
Microsoft Visual Studio Solution File, Format Version 12.00
# Visual Studio Version 17
VisualStudioVersion = 17.3.32922.545
MinimumVisualStudioVersion = 10.0.40219.1
Project("{FAE04EC0-301F-11D3-BF4B-00C04F79EFBC}") = "MultiSelector", "MultiSelector\MultiSelector.csproj", "{415C1BBC-0326-4AAA-8949-6430F3A06F29}"
EndProject
Global
	GlobalSection(SolutionConfigurationPlatforms) = preSolution
		Debug|Any CPU = Debug|Any CPU
		Release|Any CPU = Release|Any CPU
	EndGlobalSection
	GlobalSection(ProjectConfigurationPlatforms) = postSolution
		{415C1BBC-0326-4AAA-8949-6430F3A06F29}.Debug|Any CPU.ActiveCfg = Debug|Any CPU
		{415C1BBC-0326-4AAA-8949-6430F3A06F29}.Debug|Any CPU.Build.0 = Debug|Any CPU
		{415C1BBC-0326-4AAA-8949-6430F3A06F29}.Release|Any CPU.ActiveCfg = Release|Any CPU
		{415C1BBC-0326-4AAA-8949-6430F3A06F29}.Release|Any CPU.Build.0 = Release|Any CPU
	EndGlobalSection
	GlobalSection(SolutionProperties) = preSolution
		HideSolutionNode = FALSE
	EndGlobalSection
	GlobalSection(ExtensibilityGlobals) = postSolution
		SolutionGuid = {AFE0A06E-0BE3-446B-BE43-3E1D77C74AF1}
	EndGlobalSection
EndGlobal
